// !$*UTF8*$!
{
	archiveVersion = 1;
	classes = {
	};
	objectVersion = 56;
	objects = {

/* Begin PBXBuildFile section */
		403FD1EA295F1527008A24EF /* FirebaseAnalytics in Frameworks */ = {isa = PBXBuildFile; productRef = 403FD1E9295F1527008A24EF /* FirebaseAnalytics */; };
		403FD1EC295F1527008A24EF /* FirebaseAnalyticsSwift in Frameworks */ = {isa = PBXBuildFile; productRef = 403FD1EB295F1527008A24EF /* FirebaseAnalyticsSwift */; };
		403FD1EE295F1527008A24EF /* FirebaseAuth in Frameworks */ = {isa = PBXBuildFile; productRef = 403FD1ED295F1527008A24EF /* FirebaseAuth */; };
		403FD1F0295F1527008A24EF /* FirebaseFirestore in Frameworks */ = {isa = PBXBuildFile; productRef = 403FD1EF295F1527008A24EF /* FirebaseFirestore */; };
		403FD1F2295F1527008A24EF /* FirebaseFirestoreSwift in Frameworks */ = {isa = PBXBuildFile; productRef = 403FD1F1295F1527008A24EF /* FirebaseFirestoreSwift */; };
		403FD1F4295F1527008A24EF /* FirebaseStorage in Frameworks */ = {isa = PBXBuildFile; productRef = 403FD1F3295F1527008A24EF /* FirebaseStorage */; };
		408F83A1295B588300EFB7B1 /* PVRedactorApp.swift in Sources */ = {isa = PBXBuildFile; fileRef = 408F83A0295B588300EFB7B1 /* PVRedactorApp.swift */; };
		408F83A3295B588300EFB7B1 /* ContentView.swift in Sources */ = {isa = PBXBuildFile; fileRef = 408F83A2295B588300EFB7B1 /* ContentView.swift */; };
		408F83A5295B588600EFB7B1 /* Assets.xcassets in Resources */ = {isa = PBXBuildFile; fileRef = 408F83A4295B588600EFB7B1 /* Assets.xcassets */; };
		408F83A8295B588600EFB7B1 /* Preview Assets.xcassets in Resources */ = {isa = PBXBuildFile; fileRef = 408F83A7295B588600EFB7B1 /* Preview Assets.xcassets */; };
		40CF7BDA295F1030000A05CE /* GoogleService-Info.plist in Resources */ = {isa = PBXBuildFile; fileRef = 40CF7BD9295F1030000A05CE /* GoogleService-Info.plist */; };
/* End PBXBuildFile section */

/* Begin PBXFileReference section */
		408F839D295B588300EFB7B1 /* PVRedactor.app */ = {isa = PBXFileReference; explicitFileType = wrapper.application; includeInIndex = 0; path = PVRedactor.app; sourceTree = BUILT_PRODUCTS_DIR; };
		408F83A0295B588300EFB7B1 /* PVRedactorApp.swift */ = {isa = PBXFileReference; lastKnownFileType = sourcecode.swift; path = PVRedactorApp.swift; sourceTree = "<group>"; };
		408F83A2295B588300EFB7B1 /* ContentView.swift */ = {isa = PBXFileReference; lastKnownFileType = sourcecode.swift; path = ContentView.swift; sourceTree = "<group>"; };
		408F83A4295B588600EFB7B1 /* Assets.xcassets */ = {isa = PBXFileReference; lastKnownFileType = folder.assetcatalog; path = Assets.xcassets; sourceTree = "<group>"; };
		408F83A7295B588600EFB7B1 /* Preview Assets.xcassets */ = {isa = PBXFileReference; lastKnownFileType = folder.assetcatalog; path = "Preview Assets.xcassets"; sourceTree = "<group>"; };
		40CF7BD9295F1030000A05CE /* GoogleService-Info.plist */ = {isa = PBXFileReference; fileEncoding = 4; lastKnownFileType = text.plist.xml; path = "GoogleService-Info.plist"; sourceTree = "<group>"; };
/* End PBXFileReference section */

/* Begin PBXFrameworksBuildPhase section */
		408F839A295B588300EFB7B1 /* Frameworks */ = {
			isa = PBXFrameworksBuildPhase;
			buildActionMask = 2147483647;
			files = (
				403FD1F2295F1527008A24EF /* FirebaseFirestoreSwift in Frameworks */,
				403FD1EC295F1527008A24EF /* FirebaseAnalyticsSwift in Frameworks */,
				403FD1F0295F1527008A24EF /* FirebaseFirestore in Frameworks */,
				403FD1EE295F1527008A24EF /* FirebaseAuth in Frameworks */,
				403FD1EA295F1527008A24EF /* FirebaseAnalytics in Frameworks */,
				403FD1F4295F1527008A24EF /* FirebaseStorage in Frameworks */,
			);
			runOnlyForDeploymentPostprocessing = 0;
		};
/* End PBXFrameworksBuildPhase section */

/* Begin PBXGroup section */
		408F8394295B588300EFB7B1 = {
			isa = PBXGroup;
			children = (
				408F839F295B588300EFB7B1 /* PVRedactor */,
				408F839E295B588300EFB7B1 /* Products */,
			);
			sourceTree = "<group>";
		};
		408F839E295B588300EFB7B1 /* Products */ = {
			isa = PBXGroup;
			children = (
				408F839D295B588300EFB7B1 /* PVRedactor.app */,
			);
			name = Products;
			sourceTree = "<group>";
		};
		408F839F295B588300EFB7B1 /* PVRedactor */ = {
			isa = PBXGroup;
			children = (
				408F83A0295B588300EFB7B1 /* PVRedactorApp.swift */,
				408F83A2295B588300EFB7B1 /* ContentView.swift */,
				408F83A4295B588600EFB7B1 /* Assets.xcassets */,
				40CF7BD9295F1030000A05CE /* GoogleService-Info.plist */,
				408F83A6295B588600EFB7B1 /* Preview Content */,
			);
			path = PVRedactor;
			sourceTree = "<group>";
		};
		408F83A6295B588600EFB7B1 /* Preview Content */ = {
			isa = PBXGroup;
			children = (
				408F83A7295B588600EFB7B1 /* Preview Assets.xcassets */,
			);
			path = "Preview Content";
			sourceTree = "<group>";
		};
/* End PBXGroup section */

/* Begin PBXNativeTarget section */
		408F839C295B588300EFB7B1 /* PVRedactor */ = {
			isa = PBXNativeTarget;
			buildConfigurationList = 408F83AB295B588600EFB7B1 /* Build configuration list for PBXNativeTarget "PVRedactor" */;
			buildPhases = (
				408F8399295B588300EFB7B1 /* Sources */,
				408F839A295B588300EFB7B1 /* Frameworks */,
				408F839B295B588300EFB7B1 /* Resources */,
			);
			buildRules = (
			);
			dependencies = (
			);
			name = PVRedactor;
			packageProductDependencies = (
				403FD1E9295F1527008A24EF /* FirebaseAnalytics */,
				403FD1EB295F1527008A24EF /* FirebaseAnalyticsSwift */,
				403FD1ED295F1527008A24EF /* FirebaseAuth */,
				403FD1EF295F1527008A24EF /* FirebaseFirestore */,
				403FD1F1295F1527008A24EF /* FirebaseFirestoreSwift */,
				403FD1F3295F1527008A24EF /* FirebaseStorage */,
			);
			productName = PVRedactor;
			productReference = 408F839D295B588300EFB7B1 /* PVRedactor.app */;
			productType = "com.apple.product-type.application";
		};
/* End PBXNativeTarget section */

/* Begin PBXProject section */
		408F8395295B588300EFB7B1 /* Project object */ = {
			isa = PBXProject;
			attributes = {
				BuildIndependentTargetsInParallel = 1;
				LastSwiftUpdateCheck = 1420;
				LastUpgradeCheck = 1420;
				TargetAttributes = {
					408F839C295B588300EFB7B1 = {
						CreatedOnToolsVersion = 14.2;
					};
				};
			};
			buildConfigurationList = 408F8398295B588300EFB7B1 /* Build configuration list for PBXProject "PVRedactor" */;
			compatibilityVersion = "Xcode 14.0";
			developmentRegion = en;
			hasScannedForEncodings = 0;
			knownRegions = (
				en,
				Base,
			);
			mainGroup = 408F8394295B588300EFB7B1;
			packageReferences = (
				403FD1E8295F1527008A24EF /* XCRemoteSwiftPackageReference "firebase-ios-sdk" */,
			);
			productRefGroup = 408F839E295B588300EFB7B1 /* Products */;
			projectDirPath = "";
			projectRoot = "";
			targets = (
				408F839C295B588300EFB7B1 /* PVRedactor */,
			);
		};
/* End PBXProject section */

/* Begin PBXResourcesBuildPhase section */
		408F839B295B588300EFB7B1 /* Resources */ = {
			isa = PBXResourcesBuildPhase;
			buildActionMask = 2147483647;
			files = (
				408F83A8295B588600EFB7B1 /* Preview Assets.xcassets in Resources */,
				408F83A5295B588600EFB7B1 /* Assets.xcassets in Resources */,
				40CF7BDA295F1030000A05CE /* GoogleService-Info.plist in Resources */,
			);
			runOnlyForDeploymentPostprocessing = 0;
		};
/* End PBXResourcesBuildPhase section */

/* Begin PBXSourcesBuildPhase section */
		408F8399295B588300EFB7B1 /* Sources */ = {
			isa = PBXSourcesBuildPhase;
			buildActionMask = 2147483647;
			files = (
				408F83A3295B588300EFB7B1 /* ContentView.swift in Sources */,
				408F83A1295B588300EFB7B1 /* PVRedactorApp.swift in Sources */,
			);
			runOnlyForDeploymentPostprocessing = 0;
		};
/* End PBXSourcesBuildPhase section */

/* Begin XCBuildConfiguration section */
		408F83A9295B588600EFB7B1 /* Debug */ = {
			isa = XCBuildConfiguration;
			buildSettings = {
				ALWAYS_SEARCH_USER_PATHS = NO;
				CLANG_ANALYZER_NONNULL = YES;
				CLANG_ANALYZER_NUMBER_OBJECT_CONVERSION = YES_AGGRESSIVE;
				CLANG_CXX_LANGUAGE_STANDARD = "gnu++20";
				CLANG_ENABLE_MODULES = YES;
				CLANG_ENABLE_OBJC_ARC = YES;
				CLANG_ENABLE_OBJC_WEAK = YES;
				CLANG_WARN_BLOCK_CAPTURE_AUTORELEASING = YES;
				CLANG_WARN_BOOL_CONVERSION = YES;
				CLANG_WARN_COMMA = YES;
				CLANG_WARN_CONSTANT_CONVERSION = YES;
				CLANG_WARN_DEPRECATED_OBJC_IMPLEMENTATIONS = YES;
				CLANG_WARN_DIRECT_OBJC_ISA_USAGE = YES_ERROR;
				CLANG_WARN_DOCUMENTATION_COMMENTS = YES;
				CLANG_WARN_EMPTY_BODY = YES;
				CLANG_WARN_ENUM_CONVERSION = YES;
				CLANG_WARN_INFINITE_RECURSION = YES;
				CLANG_WARN_INT_CONVERSION = YES;
				CLANG_WARN_NON_LITERAL_NULL_CONVERSION = YES;
				CLANG_WARN_OBJC_IMPLICIT_RETAIN_SELF = YES;
				CLANG_WARN_OBJC_LITERAL_CONVERSION = YES;
				CLANG_WARN_OBJC_ROOT_CLASS = YES_ERROR;
				CLANG_WARN_QUOTED_INCLUDE_IN_FRAMEWORK_HEADER = YES;
				CLANG_WARN_RANGE_LOOP_ANALYSIS = YES;
				CLANG_WARN_STRICT_PROTOTYPES = YES;
				CLANG_WARN_SUSPICIOUS_MOVE = YES;
				CLANG_WARN_UNGUARDED_AVAILABILITY = YES_AGGRESSIVE;
				CLANG_WARN_UNREACHABLE_CODE = YES;
				CLANG_WARN__DUPLICATE_METHOD_MATCH = YES;
				COPY_PHASE_STRIP = NO;
				DEBUG_INFORMATION_FORMAT = dwarf;
				ENABLE_STRICT_OBJC_MSGSEND = YES;
				ENABLE_TESTABILITY = YES;
				GCC_C_LANGUAGE_STANDARD = gnu11;
				GCC_DYNAMIC_NO_PIC = NO;
				GCC_NO_COMMON_BLOCKS = YES;
				GCC_OPTIMIZATION_LEVEL = 0;
				GCC_PREPROCESSOR_DEFINITIONS = (
					"DEBUG=1",
					"$(inherited)",
				);
				GCC_WARN_64_TO_32_BIT_CONVERSION = YES;
				GCC_WARN_ABOUT_RETURN_TYPE = YES_ERROR;
				GCC_WARN_UNDECLARED_SELECTOR = YES;
				GCC_WARN_UNINITIALIZED_AUTOS = YES_AGGRESSIVE;
				GCC_WARN_UNUSED_FUNCTION = YES;
				GCC_WARN_UNUSED_VARIABLE = YES;
				IPHONEOS_DEPLOYMENT_TARGET = 16.2;
				MTL_ENABLE_DEBUG_INFO = INCLUDE_SOURCE;
				MTL_FAST_MATH = YES;
				ONLY_ACTIVE_ARCH = YES;
				SDKROOT = iphoneos;
				SWIFT_ACTIVE_COMPILATION_CONDITIONS = DEBUG;
				SWIFT_OPTIMIZATION_LEVEL = "-Onone";
			};
			name = Debug;
		};
		408F83AA295B588600EFB7B1 /* Release */ = {
			isa = XCBuildConfiguration;
			buildSettings = {
				ALWAYS_SEARCH_USER_PATHS = NO;
				CLANG_ANALYZER_NONNULL = YES;
				CLANG_ANALYZER_NUMBER_OBJECT_CONVERSION = YES_AGGRESSIVE;
				CLANG_CXX_LANGUAGE_STANDARD = "gnu++20";
				CLANG_ENABLE_MODULES = YES;
				CLANG_ENABLE_OBJC_ARC = YES;
				CLANG_ENABLE_OBJC_WEAK = YES;
				CLANG_WARN_BLOCK_CAPTURE_AUTORELEASING = YES;
				CLANG_WARN_BOOL_CONVERSION = YES;
				CLANG_WARN_COMMA = YES;
				CLANG_WARN_CONSTANT_CONVERSION = YES;
				CLANG_WARN_DEPRECATED_OBJC_IMPLEMENTATIONS = YES;
				CLANG_WARN_DIRECT_OBJC_ISA_USAGE = YES_ERROR;
				CLANG_WARN_DOCUMENTATION_COMMENTS = YES;
				CLANG_WARN_EMPTY_BODY = YES;
				CLANG_WARN_ENUM_CONVERSION = YES;
				CLANG_WARN_INFINITE_RECURSION = YES;
				CLANG_WARN_INT_CONVERSION = YES;
				CLANG_WARN_NON_LITERAL_NULL_CONVERSION = YES;
				CLANG_WARN_OBJC_IMPLICIT_RETAIN_SELF = YES;
				CLANG_WARN_OBJC_LITERAL_CONVERSION = YES;
				CLANG_WARN_OBJC_ROOT_CLASS = YES_ERROR;
				CLANG_WARN_QUOTED_INCLUDE_IN_FRAMEWORK_HEADER = YES;
				CLANG_WARN_RANGE_LOOP_ANALYSIS = YES;
				CLANG_WARN_STRICT_PROTOTYPES = YES;
				CLANG_WARN_SUSPICIOUS_MOVE = YES;
				CLANG_WARN_UNGUARDED_AVAILABILITY = YES_AGGRESSIVE;
				CLANG_WARN_UNREACHABLE_CODE = YES;
				CLANG_WARN__DUPLICATE_METHOD_MATCH = YES;
				COPY_PHASE_STRIP = NO;
				DEBUG_INFORMATION_FORMAT = "dwarf-with-dsym";
				ENABLE_NS_ASSERTIONS = NO;
				ENABLE_STRICT_OBJC_MSGSEND = YES;
				GCC_C_LANGUAGE_STANDARD = gnu11;
				GCC_NO_COMMON_BLOCKS = YES;
				GCC_WARN_64_TO_32_BIT_CONVERSION = YES;
				GCC_WARN_ABOUT_RETURN_TYPE = YES_ERROR;
				GCC_WARN_UNDECLARED_SELECTOR = YES;
				GCC_WARN_UNINITIALIZED_AUTOS = YES_AGGRESSIVE;
				GCC_WARN_UNUSED_FUNCTION = YES;
				GCC_WARN_UNUSED_VARIABLE = YES;
				IPHONEOS_DEPLOYMENT_TARGET = 16.2;
				MTL_ENABLE_DEBUG_INFO = NO;
				MTL_FAST_MATH = YES;
				SDKROOT = iphoneos;
				SWIFT_COMPILATION_MODE = wholemodule;
				SWIFT_OPTIMIZATION_LEVEL = "-O";
				VALIDATE_PRODUCT = YES;
			};
			name = Release;
		};
		408F83AC295B588600EFB7B1 /* Debug */ = {
			isa = XCBuildConfiguration;
			buildSettings = {
				ASSETCATALOG_COMPILER_APPICON_NAME = AppIcon;
				ASSETCATALOG_COMPILER_GLOBAL_ACCENT_COLOR_NAME = AccentColor;
				CODE_SIGN_STYLE = Automatic;
				CURRENT_PROJECT_VERSION = 1;
				DEVELOPMENT_ASSET_PATHS = "\"PVRedactor/Preview Content\"";
				DEVELOPMENT_TEAM = H6466NBM9Y;
				ENABLE_PREVIEWS = YES;
				GENERATE_INFOPLIST_FILE = YES;
				INFOPLIST_KEY_UIApplicationSceneManifest_Generation = YES;
				INFOPLIST_KEY_UIApplicationSupportsIndirectInputEvents = YES;
				INFOPLIST_KEY_UILaunchScreen_Generation = YES;
				INFOPLIST_KEY_UISupportedInterfaceOrientations_iPad = "UIInterfaceOrientationPortrait UIInterfaceOrientationPortraitUpsideDown UIInterfaceOrientationLandscapeLeft UIInterfaceOrientationLandscapeRight";
				INFOPLIST_KEY_UISupportedInterfaceOrientations_iPhone = "UIInterfaceOrientationPortrait UIInterfaceOrientationLandscapeLeft UIInterfaceOrientationLandscapeRight";
				LD_RUNPATH_SEARCH_PATHS = (
					"$(inherited)",
					"@executable_path/Frameworks",
				);
				MARKETING_VERSION = 1.0;
				PRODUCT_BUNDLE_IDENTIFIER = idk.PVRedactor;
				PRODUCT_NAME = "$(TARGET_NAME)";
				SWIFT_EMIT_LOC_STRINGS = YES;
				SWIFT_VERSION = 5.0;
				TARGETED_DEVICE_FAMILY = "1,2";
			};
			name = Debug;
		};
		408F83AD295B588600EFB7B1 /* Release */ = {
			isa = XCBuildConfiguration;
			buildSettings = {
				ASSETCATALOG_COMPILER_APPICON_NAME = AppIcon;
				ASSETCATALOG_COMPILER_GLOBAL_ACCENT_COLOR_NAME = AccentColor;
				CODE_SIGN_STYLE = Automatic;
				CURRENT_PROJECT_VERSION = 1;
				DEVELOPMENT_ASSET_PATHS = "\"PVRedactor/Preview Content\"";
				DEVELOPMENT_TEAM = H6466NBM9Y;
				ENABLE_PREVIEWS = YES;
				GENERATE_INFOPLIST_FILE = YES;
				INFOPLIST_KEY_UIApplicationSceneManifest_Generation = YES;
				INFOPLIST_KEY_UIApplicationSupportsIndirectInputEvents = YES;
				INFOPLIST_KEY_UILaunchScreen_Generation = YES;
				INFOPLIST_KEY_UISupportedInterfaceOrientations_iPad = "UIInterfaceOrientationPortrait UIInterfaceOrientationPortraitUpsideDown UIInterfaceOrientationLandscapeLeft UIInterfaceOrientationLandscapeRight";
				INFOPLIST_KEY_UISupportedInterfaceOrientations_iPhone = "UIInterfaceOrientationPortrait UIInterfaceOrientationLandscapeLeft UIInterfaceOrientationLandscapeRight";
				LD_RUNPATH_SEARCH_PATHS = (
					"$(inherited)",
					"@executable_path/Frameworks",
				);
				MARKETING_VERSION = 1.0;
				PRODUCT_BUNDLE_IDENTIFIER = idk.PVRedactor;
				PRODUCT_NAME = "$(TARGET_NAME)";
				SWIFT_EMIT_LOC_STRINGS = YES;
				SWIFT_VERSION = 5.0;
				TARGETED_DEVICE_FAMILY = "1,2";
			};
			name = Release;
		};
/* End XCBuildConfiguration section */

/* Begin XCConfigurationList section */
		408F8398295B588300EFB7B1 /* Build configuration list for PBXProject "PVRedactor" */ = {
			isa = XCConfigurationList;
			buildConfigurations = (
				408F83A9295B588600EFB7B1 /* Debug */,
				408F83AA295B588600EFB7B1 /* Release */,
			);
			defaultConfigurationIsVisible = 0;
			defaultConfigurationName = Release;
		};
		408F83AB295B588600EFB7B1 /* Build configuration list for PBXNativeTarget "PVRedactor" */ = {
			isa = XCConfigurationList;
			buildConfigurations = (
				408F83AC295B588600EFB7B1 /* Debug */,
				408F83AD295B588600EFB7B1 /* Release */,
			);
			defaultConfigurationIsVisible = 0;
			defaultConfigurationName = Release;
		};
/* End XCConfigurationList section */

/* Begin XCRemoteSwiftPackageReference section */
		403FD1E8295F1527008A24EF /* XCRemoteSwiftPackageReference "firebase-ios-sdk" */ = {
			isa = XCRemoteSwiftPackageReference;
			repositoryURL = "https://github.com/firebase/firebase-ios-sdk.git";
			requirement = {
				kind = upToNextMajorVersion;
				minimumVersion = 9.0.0;
			};
		};
/* End XCRemoteSwiftPackageReference section */

/* Begin XCSwiftPackageProductDependency section */
		403FD1E9295F1527008A24EF /* FirebaseAnalytics */ = {
			isa = XCSwiftPackageProductDependency;
			package = 403FD1E8295F1527008A24EF /* XCRemoteSwiftPackageReference "firebase-ios-sdk" */;
			productName = FirebaseAnalytics;
		};
		403FD1EB295F1527008A24EF /* FirebaseAnalyticsSwift */ = {
			isa = XCSwiftPackageProductDependency;
			package = 403FD1E8295F1527008A24EF /* XCRemoteSwiftPackageReference "firebase-ios-sdk" */;
			productName = FirebaseAnalyticsSwift;
		};
		403FD1ED295F1527008A24EF /* FirebaseAuth */ = {
			isa = XCSwiftPackageProductDependency;
			package = 403FD1E8295F1527008A24EF /* XCRemoteSwiftPackageReference "firebase-ios-sdk" */;
			productName = FirebaseAuth;
		};
		403FD1EF295F1527008A24EF /* FirebaseFirestore */ = {
			isa = XCSwiftPackageProductDependency;
			package = 403FD1E8295F1527008A24EF /* XCRemoteSwiftPackageReference "firebase-ios-sdk" */;
			productName = FirebaseFirestore;
		};
		403FD1F1295F1527008A24EF /* FirebaseFirestoreSwift */ = {
			isa = XCSwiftPackageProductDependency;
			package = 403FD1E8295F1527008A24EF /* XCRemoteSwiftPackageReference "firebase-ios-sdk" */;
			productName = FirebaseFirestoreSwift;
		};
		403FD1F3295F1527008A24EF /* FirebaseStorage */ = {
			isa = XCSwiftPackageProductDependency;
			package = 403FD1E8295F1527008A24EF /* XCRemoteSwiftPackageReference "firebase-ios-sdk" */;
			productName = FirebaseStorage;
		};
/* End XCSwiftPackageProductDependency section */
	};
	rootObject = 408F8395295B588300EFB7B1 /* Project object */;
}
